
Microsoft Visual Studio Solution File, Format Version 12.00
# Visual Studio 15
VisualStudioVersion = 15.0.28010.2016
MinimumVisualStudioVersion = 10.0.40219.1
Project("{FAE04EC0-301F-11D3-BF4B-00C04F79EFBC}") = "Rasmus.AspitVisitor.Entities", "Rasmus.AspitVisitor.Entities\Rasmus.AspitVisitor.Entities.csproj", "{6ECF8F47-D740-4F1A-89D4-A7AEEFDB7452}"
EndProject
Global
	GlobalSection(SolutionConfigurationPlatforms) = preSolution
		Debug|Any CPU = Debug|Any CPU
		Release|Any CPU = Release|Any CPU
	EndGlobalSection
	GlobalSection(ProjectConfigurationPlatforms) = postSolution
		{6ECF8F47-D740-4F1A-89D4-A7AEEFDB7452}.Debug|Any CPU.ActiveCfg = Debug|Any CPU
		{6ECF8F47-D740-4F1A-89D4-A7AEEFDB7452}.Debug|Any CPU.Build.0 = Debug|Any CPU
		{6ECF8F47-D740-4F1A-89D4-A7AEEFDB7452}.Release|Any CPU.ActiveCfg = Release|Any CPU
		{6ECF8F47-D740-4F1A-89D4-A7AEEFDB7452}.Release|Any CPU.Build.0 = Release|Any CPU
	EndGlobalSection
	GlobalSection(SolutionProperties) = preSolution
		HideSolutionNode = FALSE
	EndGlobalSection
	GlobalSection(ExtensibilityGlobals) = postSolution
		SolutionGuid = {B76B0C65-918F-44DB-984D-7EC3FDC74C93}
	EndGlobalSection
EndGlobal
